PODS:
  - iosMath (0.8.4)
  - MathEditor (0.2.0):
    - iosMath

DEPENDENCIES:
  - iosMath (from `https://github.com/socraticorg/iosMath.git`)
  - MathEditor (from `./`)

EXTERNAL SOURCES:
  iosMath:
    :git: https://github.com/socraticorg/iosMath.git
  MathEditor:
    :path: ./

CHECKOUT OPTIONS:
  iosMath:
    :commit: c1315386d74516eab6fa3f74b7ef3ab6c6df61f9
    :git: https://github.com/socraticorg/iosMath.git

SPEC CHECKSUMS:
  iosMath: 452a1f158b6aad6b462263b666f24a233a168fbb
  MathEditor: 2f11aeb734342651fc9b6b2cd2d5407016102725

PODFILE CHECKSUM: cd223f387574ecfaf294a67e66758e739c0365f9

COCOAPODS: 1.0.1
